
Microsoft Visual Studio Solution File, Format Version 12.00
# Visual Studio 15
VisualStudioVersion = 15.0.28307.572
MinimumVisualStudioVersion = 10.0.40219.1
Project("{FAE04EC0-301F-11D3-BF4B-00C04F79EFBC}") = "Sınav2", "Sınav2\Sınav2.csproj", "{F339B1A5-E08B-4EDA-A24B-27FB3C4EC897}"
EndProject
Global
	GlobalSection(SolutionConfigurationPlatforms) = preSolution
		Debug|Any CPU = Debug|Any CPU
		Release|Any CPU = Release|Any CPU
	EndGlobalSection
	GlobalSection(ProjectConfigurationPlatforms) = postSolution
		{F339B1A5-E08B-4EDA-A24B-27FB3C4EC897}.Debug|Any CPU.ActiveCfg = Debug|Any CPU
		{F339B1A5-E08B-4EDA-A24B-27FB3C4EC897}.Debug|Any CPU.Build.0 = Debug|Any CPU
		{F339B1A5-E08B-4EDA-A24B-27FB3C4EC897}.Release|Any CPU.ActiveCfg = Release|Any CPU
		{F339B1A5-E08B-4EDA-A24B-27FB3C4EC897}.Release|Any CPU.Build.0 = Release|Any CPU
	EndGlobalSection
	GlobalSection(SolutionProperties) = preSolution
		HideSolutionNode = FALSE
	EndGlobalSection
	GlobalSection(ExtensibilityGlobals) = postSolution
		SolutionGuid = {1117D7DA-EBC6-4E92-B455-E6C6A79A9E30}
	EndGlobalSection
EndGlobal
